
Microsoft Visual Studio Solution File, Format Version 12.00
# SQL Server Management Studio Version 21
VisualStudioVersion = 17.14.36212.18
MinimumVisualStudioVersion = 10.0.40219.1
Project("{4F2E2C19-372F-40D8-9FA7-9D2138C6997A}") = "QLSinhvvienDB", "QLSinhvvienDB.ssmssqlproj", "{3F8F76D5-912A-139E-DE8C-9987DCAAFB90}"
EndProject
Global
	GlobalSection(SolutionConfigurationPlatforms) = preSolution
		Default|Default = Default|Default
	EndGlobalSection
	GlobalSection(ProjectConfigurationPlatforms) = postSolution
		{3F8F76D5-912A-139E-DE8C-9987DCAAFB90}.Default|Default.ActiveCfg = Default
		{EAB37A40-3107-4B8A-803D-AF0C6B31C0EF}.Default|Default.ActiveCfg = Default
	EndGlobalSection
	GlobalSection(SolutionProperties) = preSolution
		HideSolutionNode = FALSE
	EndGlobalSection
	GlobalSection(ExtensibilityGlobals) = postSolution
		SolutionGuid = {C5E2E9EB-4A3B-4364-95A3-9CF30A653DD6}
	EndGlobalSection
EndGlobal
